
Microsoft Visual Studio Solution File, Format Version 12.00
# Visual Studio 15
VisualStudioVersion = 15.0.28010.2026
MinimumVisualStudioVersion = 10.0.40219.1
Project("{9A19103F-16F7-4668-BE54-9A1E7A4F7556}") = "DotNetCoreWithReactjs.Api", "DotNetCoreWithReactjs.Api\DotNetCoreWithReactjs.Api.csproj", "{954CAA44-94E3-4872-B035-E82C714F7954}"
EndProject
Project("{FAE04EC0-301F-11D3-BF4B-00C04F79EFBC}") = "DotNetCoreWithReactjs.Infrastructure", "DotNetCoreWithReactjs.Infrastructure\DotNetCoreWithReactjs.Infrastructure.csproj", "{8E64E7F1-D512-487B-A7EE-FE5150246D45}"
EndProject
Global
	GlobalSection(SolutionConfigurationPlatforms) = preSolution
		Debug|Any CPU = Debug|Any CPU
		Release|Any CPU = Release|Any CPU
	EndGlobalSection
	GlobalSection(ProjectConfigurationPlatforms) = postSolution
		{954CAA44-94E3-4872-B035-E82C714F7954}.Debug|Any CPU.ActiveCfg = Debug|Any CPU
		{954CAA44-94E3-4872-B035-E82C714F7954}.Debug|Any CPU.Build.0 = Debug|Any CPU
		{954CAA44-94E3-4872-B035-E82C714F7954}.Release|Any CPU.ActiveCfg = Release|Any CPU
		{954CAA44-94E3-4872-B035-E82C714F7954}.Release|Any CPU.Build.0 = Release|Any CPU
		{8E64E7F1-D512-487B-A7EE-FE5150246D45}.Debug|Any CPU.ActiveCfg = Debug|Any CPU
		{8E64E7F1-D512-487B-A7EE-FE5150246D45}.Debug|Any CPU.Build.0 = Debug|Any CPU
		{8E64E7F1-D512-487B-A7EE-FE5150246D45}.Release|Any CPU.ActiveCfg = Release|Any CPU
		{8E64E7F1-D512-487B-A7EE-FE5150246D45}.Release|Any CPU.Build.0 = Release|Any CPU
	EndGlobalSection
	GlobalSection(SolutionProperties) = preSolution
		HideSolutionNode = FALSE
	EndGlobalSection
	GlobalSection(ExtensibilityGlobals) = postSolution
		SolutionGuid = {A7720CAD-A992-4A31-BA7E-957DD5FE4F22}
	EndGlobalSection
EndGlobal
